
Microsoft Visual Studio Solution File, Format Version 12.00
# Visual Studio Version 17
VisualStudioVersion = 17.8.34316.72
MinimumVisualStudioVersion = 10.0.40219.1
Project("{FAE04EC0-301F-11D3-BF4B-00C04F79EFBC}") = "FinalProject", "FinalProject.csproj", "{6A9C5A75-5859-42CA-9F30-164B5E7F0E16}"
EndProject
Global
	GlobalSection(SolutionConfigurationPlatforms) = preSolution
		Debug|Any CPU = Debug|Any CPU
		Release|Any CPU = Release|Any CPU
	EndGlobalSection
	GlobalSection(ProjectConfigurationPlatforms) = postSolution
		{6A9C5A75-5859-42CA-9F30-164B5E7F0E16}.Debug|Any CPU.ActiveCfg = Debug|Any CPU
		{6A9C5A75-5859-42CA-9F30-164B5E7F0E16}.Debug|Any CPU.Build.0 = Debug|Any CPU
		{6A9C5A75-5859-42CA-9F30-164B5E7F0E16}.Release|Any CPU.ActiveCfg = Release|Any CPU
		{6A9C5A75-5859-42CA-9F30-164B5E7F0E16}.Release|Any CPU.Build.0 = Release|Any CPU
	EndGlobalSection
	GlobalSection(SolutionProperties) = preSolution
		HideSolutionNode = FALSE
	EndGlobalSection
	GlobalSection(ExtensibilityGlobals) = postSolution
		SolutionGuid = {5B1FE84E-EAE3-49CF-A999-E4B0297F0BBB}
	EndGlobalSection
EndGlobal
